
Microsoft Visual Studio Solution File, Format Version 12.00
# Visual Studio 15
VisualStudioVersion = 15.0.27703.2042
MinimumVisualStudioVersion = 10.0.40219.1
Project("{FAE04EC0-301F-11D3-BF4B-00C04F79EFBC}") = "LR1", "LR1\LR1.csproj", "{5CAD66C4-F6F0-4B79-AEA5-CF1AC401F3A6}"
EndProject
Project("{FAE04EC0-301F-11D3-BF4B-00C04F79EFBC}") = "Utils", "Utils\Utils.csproj", "{A72D3088-D685-4B02-87B2-82C4E86F07A3}"
EndProject
Project("{FAE04EC0-301F-11D3-BF4B-00C04F79EFBC}") = "Models", "Models\Models.csproj", "{1F7BAFC6-01FA-4C7D-92FB-D30FA9DF15B0}"
EndProject
Project("{FAE04EC0-301F-11D3-BF4B-00C04F79EFBC}") = "Algorithms", "Algorithms\Algorithms.csproj", "{6F2A68C1-7A98-41EA-B686-129C39F852A0}"
EndProject
Project("{2150E333-8FDC-42A3-9474-1A3956D46DE8}") = "Labs", "Labs", "{3752BD4A-84E5-4AF5-928C-2D5F0EC4CC0F}"
EndProject
Project("{FAE04EC0-301F-11D3-BF4B-00C04F79EFBC}") = "LR2", "LR2\LR2.csproj", "{0F4F1343-4E49-4FDD-98E3-01293324B5B0}"
EndProject
Project("{FAE04EC0-301F-11D3-BF4B-00C04F79EFBC}") = "LR3", "LR3\LR3.csproj", "{957B1508-5467-4482-9765-2A30EC35FBDA}"
EndProject
Project("{FAE04EC0-301F-11D3-BF4B-00C04F79EFBC}") = "LR4", "LR4\LR4.csproj", "{9F5E97C9-CFBF-4928-B5C5-0F33F33A87E5}"
EndProject
Project("{FAE04EC0-301F-11D3-BF4B-00C04F79EFBC}") = "LR5", "LR5\LR5.csproj", "{ABF015ED-27C4-4C44-8201-DCFCB8F8D6B2}"
EndProject
Global
	GlobalSection(SolutionConfigurationPlatforms) = preSolution
		Debug|Any CPU = Debug|Any CPU
		Release|Any CPU = Release|Any CPU
	EndGlobalSection
	GlobalSection(ProjectConfigurationPlatforms) = postSolution
		{5CAD66C4-F6F0-4B79-AEA5-CF1AC401F3A6}.Debug|Any CPU.ActiveCfg = Debug|Any CPU
		{5CAD66C4-F6F0-4B79-AEA5-CF1AC401F3A6}.Debug|Any CPU.Build.0 = Debug|Any CPU
		{5CAD66C4-F6F0-4B79-AEA5-CF1AC401F3A6}.Release|Any CPU.ActiveCfg = Release|Any CPU
		{5CAD66C4-F6F0-4B79-AEA5-CF1AC401F3A6}.Release|Any CPU.Build.0 = Release|Any CPU
		{A72D3088-D685-4B02-87B2-82C4E86F07A3}.Debug|Any CPU.ActiveCfg = Debug|Any CPU
		{A72D3088-D685-4B02-87B2-82C4E86F07A3}.Debug|Any CPU.Build.0 = Debug|Any CPU
		{A72D3088-D685-4B02-87B2-82C4E86F07A3}.Release|Any CPU.ActiveCfg = Release|Any CPU
		{A72D3088-D685-4B02-87B2-82C4E86F07A3}.Release|Any CPU.Build.0 = Release|Any CPU
		{1F7BAFC6-01FA-4C7D-92FB-D30FA9DF15B0}.Debug|Any CPU.ActiveCfg = Debug|Any CPU
		{1F7BAFC6-01FA-4C7D-92FB-D30FA9DF15B0}.Debug|Any CPU.Build.0 = Debug|Any CPU
		{1F7BAFC6-01FA-4C7D-92FB-D30FA9DF15B0}.Release|Any CPU.ActiveCfg = Release|Any CPU
		{1F7BAFC6-01FA-4C7D-92FB-D30FA9DF15B0}.Release|Any CPU.Build.0 = Release|Any CPU
		{6F2A68C1-7A98-41EA-B686-129C39F852A0}.Debug|Any CPU.ActiveCfg = Debug|Any CPU
		{6F2A68C1-7A98-41EA-B686-129C39F852A0}.Debug|Any CPU.Build.0 = Debug|Any CPU
		{6F2A68C1-7A98-41EA-B686-129C39F852A0}.Release|Any CPU.ActiveCfg = Release|Any CPU
		{6F2A68C1-7A98-41EA-B686-129C39F852A0}.Release|Any CPU.Build.0 = Release|Any CPU
		{0F4F1343-4E49-4FDD-98E3-01293324B5B0}.Debug|Any CPU.ActiveCfg = Debug|Any CPU
		{0F4F1343-4E49-4FDD-98E3-01293324B5B0}.Debug|Any CPU.Build.0 = Debug|Any CPU
		{0F4F1343-4E49-4FDD-98E3-01293324B5B0}.Release|Any CPU.ActiveCfg = Release|Any CPU
		{0F4F1343-4E49-4FDD-98E3-01293324B5B0}.Release|Any CPU.Build.0 = Release|Any CPU
		{957B1508-5467-4482-9765-2A30EC35FBDA}.Debug|Any CPU.ActiveCfg = Debug|Any CPU
		{957B1508-5467-4482-9765-2A30EC35FBDA}.Debug|Any CPU.Build.0 = Debug|Any CPU
		{957B1508-5467-4482-9765-2A30EC35FBDA}.Release|Any CPU.ActiveCfg = Release|Any CPU
		{957B1508-5467-4482-9765-2A30EC35FBDA}.Release|Any CPU.Build.0 = Release|Any CPU
		{9F5E97C9-CFBF-4928-B5C5-0F33F33A87E5}.Debug|Any CPU.ActiveCfg = Debug|Any CPU
		{9F5E97C9-CFBF-4928-B5C5-0F33F33A87E5}.Debug|Any CPU.Build.0 = Debug|Any CPU
		{9F5E97C9-CFBF-4928-B5C5-0F33F33A87E5}.Release|Any CPU.ActiveCfg = Release|Any CPU
		{9F5E97C9-CFBF-4928-B5C5-0F33F33A87E5}.Release|Any CPU.Build.0 = Release|Any CPU
		{ABF015ED-27C4-4C44-8201-DCFCB8F8D6B2}.Debug|Any CPU.ActiveCfg = Debug|Any CPU
		{ABF015ED-27C4-4C44-8201-DCFCB8F8D6B2}.Debug|Any CPU.Build.0 = Debug|Any CPU
		{ABF015ED-27C4-4C44-8201-DCFCB8F8D6B2}.Release|Any CPU.ActiveCfg = Release|Any CPU
		{ABF015ED-27C4-4C44-8201-DCFCB8F8D6B2}.Release|Any CPU.Build.0 = Release|Any CPU
	EndGlobalSection
	GlobalSection(SolutionProperties) = preSolution
		HideSolutionNode = FALSE
	EndGlobalSection
	GlobalSection(NestedProjects) = preSolution
		{5CAD66C4-F6F0-4B79-AEA5-CF1AC401F3A6} = {3752BD4A-84E5-4AF5-928C-2D5F0EC4CC0F}
		{0F4F1343-4E49-4FDD-98E3-01293324B5B0} = {3752BD4A-84E5-4AF5-928C-2D5F0EC4CC0F}
		{957B1508-5467-4482-9765-2A30EC35FBDA} = {3752BD4A-84E5-4AF5-928C-2D5F0EC4CC0F}
		{9F5E97C9-CFBF-4928-B5C5-0F33F33A87E5} = {3752BD4A-84E5-4AF5-928C-2D5F0EC4CC0F}
		{ABF015ED-27C4-4C44-8201-DCFCB8F8D6B2} = {3752BD4A-84E5-4AF5-928C-2D5F0EC4CC0F}
	EndGlobalSection
	GlobalSection(ExtensibilityGlobals) = postSolution
		SolutionGuid = {48A5A524-908C-40FC-9095-CDEC1017C829}
	EndGlobalSection
EndGlobal
